<?xml version="1.0" encoding="utf-8"?>
<Project ToolsVersion="4.0" xmlns="http://schemas.microsoft.com/developer/msbuild/2003">
  <ItemGroup>
    <Filter Include="Core">
      <UniqueIdentifier>{c5434cb0-b1be-496e-988d-3ad26a836f51}</UniqueIdentifier>
    </Filter>
    <Filter Include="Shaders">
      <UniqueIdentifier>{7268c6f0-442e-4fc0-88bf-1bf333064cb3}</UniqueIdentifier>
    </Filter>
    <Filter Include="Main">
      <UniqueIdentifier>{4FC737F1-C7A5-4376-A066-2A32D752A2FF}</UniqueIdentifier>
      <Extensions>cpp;c;cc;cxx;c++;cppm;ixx;def;odl;idl;hpj;bat;asm;asmx</Extensions>
    </Filter>
    <Filter Include="Core\aZeroECSWrap">
      <UniqueIdentifier>{474b69cb-4303-44b2-92f1-97e490a5a33d}</UniqueIdentifier>
    </Filter>
    <Filter Include="Core\Renderer">
      <UniqueIdentifier>{08239ef8-c044-4db3-97d1-765c28ee9197}</UniqueIdentifier>
    </Filter>
    <Filter Include="Core\Scene">
      <UniqueIdentifier>{a3b6732b-2a06-4a54-9126-5465e8e843b3}</UniqueIdentifier>
    </Filter>
    <Filter Include="Core\aZeroECSWrap\aZeroECS">
      <UniqueIdentifier>{216acad0-e1d0-4217-871f-458be1cb0c37}</UniqueIdentifier>
    </Filter>
    <Filter Include="Core\aZeroECSWrap\Components">
      <UniqueIdentifier>{ae453939-c6df-4ded-afdf-a9565d80d3e0}</UniqueIdentifier>
    </Filter>
    <Filter Include="Core\Renderer\D3D12Wrap">
      <UniqueIdentifier>{b1867492-3571-42d0-a45c-3448d8bcf5fc}</UniqueIdentifier>
    </Filter>
    <Filter Include="Core\Renderer\D3D12Wrap\Window">
      <UniqueIdentifier>{1bebc2fe-ae21-4a12-a5cb-ff932663efb3}</UniqueIdentifier>
    </Filter>
    <Filter Include="Core\Renderer\D3D12Wrap\Resources">
      <UniqueIdentifier>{78213633-806c-4829-a5ca-ae42b7312e16}</UniqueIdentifier>
    </Filter>
    <Filter Include="Core\Renderer\D3D12Wrap\Pipeline">
      <UniqueIdentifier>{2a728066-d0ea-4e27-96c5-b406dae31dce}</UniqueIdentifier>
    </Filter>
    <Filter Include="Core\Renderer\D3D12Wrap\Commands">
      <UniqueIdentifier>{52292f8d-fe17-4a46-9c61-958ce469da09}</UniqueIdentifier>
    </Filter>
    <Filter Include="Core\Renderer\D3D12Wrap\Descriptors">
      <UniqueIdentifier>{93817937-cc91-4f8c-b57a-4edeb82df56e}</UniqueIdentifier>
    </Filter>
    <Filter Include="Core\DataStructures">
      <UniqueIdentifier>{ff31bf60-bd8b-45a0-853b-e5e07268b304}</UniqueIdentifier>
    </Filter>
  </ItemGroup>
  <ItemGroup>
    <None Include="packages.config" />
  </ItemGroup>
  <ItemGroup>
    <ClCompile Include="main.cpp">
      <Filter>Main</Filter>
    </ClCompile>
    <ClCompile Include="src\Core\Renderer\Renderer.cpp">
      <Filter>Core\Renderer</Filter>
    </ClCompile>
    <ClCompile Include="src\Core\Renderer\D3D12Wrap\Window\Window.cpp">
      <Filter>Core\Renderer\D3D12Wrap\Window</Filter>
    </ClCompile>
    <ClCompile Include="src\Core\Renderer\D3D12Wrap\Pipeline\Shader.cpp">
      <Filter>Core\Renderer\D3D12Wrap\Pipeline</Filter>
    </ClCompile>
    <ClCompile Include="src\Core\Renderer\D3D12Wrap\Resources\GPUResource.cpp">
      <Filter>Core\Renderer\D3D12Wrap\Resources</Filter>
    </ClCompile>
    <ClCompile Include="src\Core\Renderer\D3D12Wrap\Descriptors\Descriptor.cpp">
      <Filter>Core\Renderer\D3D12Wrap\Descriptors</Filter>
    </ClCompile>
    <ClCompile Include="src\Core\Renderer\RenderAssetData.cpp">
      <Filter>Core\Renderer</Filter>
    </ClCompile>
    <ClCompile Include="src\Core\STBIHack.cpp">
      <Filter>Core</Filter>
    </ClCompile>
  </ItemGroup>
  <ItemGroup>
    <ClInclude Include="src\Core\Scene\Scene.h">
      <Filter>Core\Scene</Filter>
    </ClInclude>
    <ClInclude Include="src\Core\aZeroECSWrap\Components\DirectionalLightComponent.h">
      <Filter>Core\aZeroECSWrap\Components</Filter>
    </ClInclude>
    <ClInclude Include="src\Core\aZeroECSWrap\Components\PointLightComponent.h">
      <Filter>Core\aZeroECSWrap\Components</Filter>
    </ClInclude>
    <ClInclude Include="src\Core\aZeroECSWrap\Components\SpotLightComponent.h">
      <Filter>Core\aZeroECSWrap\Components</Filter>
    </ClInclude>
    <ClInclude Include="src\Core\aZeroECSWrap\Components\StaticMeshComponent.h">
      <Filter>Core\aZeroECSWrap\Components</Filter>
    </ClInclude>
    <ClInclude Include="src\Core\aZeroECSWrap\Components\TickComponent.h">
      <Filter>Core\aZeroECSWrap\Components</Filter>
    </ClInclude>
    <ClInclude Include="src\Core\aZeroECSWrap\Components\TransformComponent.h">
      <Filter>Core\aZeroECSWrap\Components</Filter>
    </ClInclude>
    <ClInclude Include="src\Core\aZeroECSWrap\aZeroECS\aZeroECS.h">
      <Filter>Core\aZeroECSWrap\aZeroECS</Filter>
    </ClInclude>
    <ClInclude Include="src\Core\aZeroECSWrap\aZeroECS\ComponentArray.h">
      <Filter>Core\aZeroECSWrap\aZeroECS</Filter>
    </ClInclude>
    <ClInclude Include="src\Core\aZeroECSWrap\aZeroECS\ComponentManager.h">
      <Filter>Core\aZeroECSWrap\aZeroECS</Filter>
    </ClInclude>
    <ClInclude Include="src\Core\aZeroECSWrap\aZeroECS\Entity.h">
      <Filter>Core\aZeroECSWrap\aZeroECS</Filter>
    </ClInclude>
    <ClInclude Include="src\Core\aZeroECSWrap\aZeroECS\EntityManager.h">
      <Filter>Core\aZeroECSWrap\aZeroECS</Filter>
    </ClInclude>
    <ClInclude Include="src\Core\aZeroECSWrap\aZeroECS\SparseLookupArray.h">
      <Filter>Core\aZeroECSWrap\aZeroECS</Filter>
    </ClInclude>
    <ClInclude Include="src\Core\Renderer\Renderer.h">
      <Filter>Core\Renderer</Filter>
    </ClInclude>
    <ClInclude Include="src\Core\Renderer\D3D12Wrap\Window\Window.h">
      <Filter>Core\Renderer\D3D12Wrap\Window</Filter>
    </ClInclude>
    <ClInclude Include="src\Core\Renderer\D3D12Wrap\Descriptors\Descriptor.h">
      <Filter>Core\Renderer\D3D12Wrap\Descriptors</Filter>
    </ClInclude>
    <ClInclude Include="src\Core\Renderer\D3D12Wrap\Descriptors\DescriptorHeap.h">
      <Filter>Core\Renderer\D3D12Wrap\Descriptors</Filter>
    </ClInclude>
    <ClInclude Include="src\Core\Renderer\D3D12Wrap\Commands\CommandContext.h">
      <Filter>Core\Renderer\D3D12Wrap\Commands</Filter>
    </ClInclude>
    <ClInclude Include="src\Core\Renderer\D3D12Wrap\Commands\CommandQueue.h">
      <Filter>Core\Renderer\D3D12Wrap\Commands</Filter>
    </ClInclude>
    <ClInclude Include="src\Core\Renderer\D3D12Wrap\Pipeline\Shader.h">
      <Filter>Core\Renderer\D3D12Wrap\Pipeline</Filter>
    </ClInclude>
    <ClInclude Include="src\Core\D3D12Include.h">
      <Filter>Core</Filter>
    </ClInclude>
    <ClInclude Include="src\Core\Engine.h">
      <Filter>Core</Filter>
    </ClInclude>
    <ClInclude Include="src\Core\Renderer\D3D12Wrap\Resources\LinearFrameAllocator.h">
      <Filter>Core\Renderer\D3D12Wrap\Resources</Filter>
    </ClInclude>
    <ClInclude Include="src\Core\Renderer\D3D12Wrap\Resources\GPUResource.h">
      <Filter>Core\Renderer\D3D12Wrap\Resources</Filter>
    </ClInclude>
    <ClInclude Include="src\Core\Renderer\D3D12Wrap\Resources\ResourceRecycler.h">
      <Filter>Core\Renderer\D3D12Wrap\Resources</Filter>
    </ClInclude>
    <ClInclude Include="src\Core\Renderer\RenderScene.h">
      <Filter>Core\Renderer</Filter>
    </ClInclude>
    <ClInclude Include="src\Core\Renderer\RenderInterface.h">
      <Filter>Core\Renderer</Filter>
    </ClInclude>
    <ClInclude Include="src\Core\DataStructures\FreelistAllocator.h">
      <Filter>Core\DataStructures</Filter>
    </ClInclude>
    <ClInclude Include="src\Core\Renderer\D3D12Wrap\Resources\FreelistBuffer.h">
      <Filter>Core\Renderer\D3D12Wrap\Resources</Filter>
    </ClInclude>
    <ClInclude Include="src\Core\Renderer\D3D12Wrap\Resources\GPUResourceView.h">
      <Filter>Core\Renderer\D3D12Wrap\Resources</Filter>
    </ClInclude>
    <ClInclude Include="src\Core\DXCompilerInclude.h">
      <Filter>Core</Filter>
    </ClInclude>
    <ClInclude Include="src\Core\EngineDebug.h">
      <Filter>Core</Filter>
    </ClInclude>
    <ClInclude Include="src\Core\Renderer\D3D12Wrap\Pipeline\RenderPass.h">
      <Filter>Core\Renderer\D3D12Wrap\Pipeline</Filter>
    </ClInclude>
    <ClInclude Include="src\Core\Misc\stb_Image_Include.h" />
    <ClInclude Include="src\Core\Renderer\RenderGarbageCollector.h">
      <Filter>Core\Renderer</Filter>
    </ClInclude>
    <ClInclude Include="src\Core\Renderer\RenderAsset.h">
      <Filter>Core\Renderer</Filter>
    </ClInclude>
    <ClInclude Include="src\Core\Renderer\RenderAssetManager.h">
      <Filter>Core\Renderer</Filter>
    </ClInclude>
    <ClInclude Include="src\Core\Renderer\RenderAssetData.h">
      <Filter>Core\Renderer</Filter>
    </ClInclude>
    <ClInclude Include="src\Core\aZeroECSWrap\Components\CameraComponent.h">
      <Filter>Core\aZeroECSWrap\Components</Filter>
    </ClInclude>
    <ClInclude Include="src\Core\Renderer\D3D12Wrap\Resources\LinearBuffer.h">
      <Filter>Core\Renderer\D3D12Wrap\Resources</Filter>
    </ClInclude>
  </ItemGroup>
  <ItemGroup>
    <FxCompile Include="src\Shaders\TestShader.cs.hlsl">
      <Filter>Shaders</Filter>
    </FxCompile>
    <FxCompile Include="src\Shaders\BasePass.vs.hlsl">
      <Filter>Shaders</Filter>
    </FxCompile>
    <FxCompile Include="src\Shaders\BasePass.ps.hlsl">
      <Filter>Shaders</Filter>
    </FxCompile>
  </ItemGroup>
</Project>